
Microsoft Visual Studio Solution File, Format Version 12.00
# Visual Studio Version 17
VisualStudioVersion = 17.11.35222.181
MinimumVisualStudioVersion = 10.0.40219.1
Project("{FAE04EC0-301F-11D3-BF4B-00C04F79EFBC}") = "Atividade2-George", "Atividade2-George.csproj", "{1DFBA249-BB76-43EC-AEC1-B0645F1836C9}"
EndProject
Global
	GlobalSection(SolutionConfigurationPlatforms) = preSolution
		Debug|Any CPU = Debug|Any CPU
		Release|Any CPU = Release|Any CPU
	EndGlobalSection
	GlobalSection(ProjectConfigurationPlatforms) = postSolution
		{1DFBA249-BB76-43EC-AEC1-B0645F1836C9}.Debug|Any CPU.ActiveCfg = Debug|Any CPU
		{1DFBA249-BB76-43EC-AEC1-B0645F1836C9}.Debug|Any CPU.Build.0 = Debug|Any CPU
		{1DFBA249-BB76-43EC-AEC1-B0645F1836C9}.Release|Any CPU.ActiveCfg = Release|Any CPU
		{1DFBA249-BB76-43EC-AEC1-B0645F1836C9}.Release|Any CPU.Build.0 = Release|Any CPU
	EndGlobalSection
	GlobalSection(SolutionProperties) = preSolution
		HideSolutionNode = FALSE
	EndGlobalSection
	GlobalSection(ExtensibilityGlobals) = postSolution
		SolutionGuid = {542BA544-8F81-4AFF-A223-4D0BC6629AAD}
	EndGlobalSection
EndGlobal
